// !$*UTF8*$!
{
	archiveVersion = 1;
	classes = {
	};
	objectVersion = 55;
	objects = {

/* Begin PBXBuildFile section */
		91039BE129C4BCBC0017D772 /* WeatherForecastRequest.swift in Sources */ = {isa = PBXBuildFile; fileRef = 91039BE029C4BCBC0017D772 /* WeatherForecastRequest.swift */; };
		91039BE329C4C0980017D772 /* WeatherForecastViewModel.swift in Sources */ = {isa = PBXBuildFile; fileRef = 91039BE229C4C0980017D772 /* WeatherForecastViewModel.swift */; };
		91039BE529C4C66A0017D772 /* ForecastView.swift in Sources */ = {isa = PBXBuildFile; fileRef = 91039BE429C4C66A0017D772 /* ForecastView.swift */; };
		91039BE729C4CBFB0017D772 /* Forecast.swift in Sources */ = {isa = PBXBuildFile; fileRef = 91039BE629C4CBFB0017D772 /* Forecast.swift */; };
		91039BE929C4EFC00017D772 /* CityWeatherRequest.swift in Sources */ = {isa = PBXBuildFile; fileRef = 91039BE829C4EFC00017D772 /* CityWeatherRequest.swift */; };
		9114A76629BCCFE7001F7190 /* weatherApp.swift in Sources */ = {isa = PBXBuildFile; fileRef = 9114A76529BCCFE7001F7190 /* weatherApp.swift */; };
		9114A76A29BCCFE9001F7190 /* Assets.xcassets in Resources */ = {isa = PBXBuildFile; fileRef = 9114A76929BCCFE9001F7190 /* Assets.xcassets */; };
		9114A76D29BCCFE9001F7190 /* Preview Assets.xcassets in Resources */ = {isa = PBXBuildFile; fileRef = 9114A76C29BCCFE9001F7190 /* Preview Assets.xcassets */; };
		9114A78629BCD035001F7190 /* HomeViewModel.swift in Sources */ = {isa = PBXBuildFile; fileRef = 9114A77429BCD035001F7190 /* HomeViewModel.swift */; };
		9114A78729BCD035001F7190 /* OpenWeatherMapAPI.swift in Sources */ = {isa = PBXBuildFile; fileRef = 9114A77829BCD035001F7190 /* OpenWeatherMapAPI.swift */; };
		9114A78829BCD035001F7190 /* CurrentLocationWeatherRequest.swift in Sources */ = {isa = PBXBuildFile; fileRef = 9114A77929BCD035001F7190 /* CurrentLocationWeatherRequest.swift */; };
		9114A78929BCD035001F7190 /* RequestProtocol.swift in Sources */ = {isa = PBXBuildFile; fileRef = 9114A77B29BCD035001F7190 /* RequestProtocol.swift */; };
		9114A78A29BCD035001F7190 /* API.swift in Sources */ = {isa = PBXBuildFile; fileRef = 9114A77C29BCD035001F7190 /* API.swift */; };
		9114A78B29BCD035001F7190 /* Weather.swift in Sources */ = {isa = PBXBuildFile; fileRef = 9114A77E29BCD035001F7190 /* Weather.swift */; };
		9114A78C29BCD035001F7190 /* Globals.swift in Sources */ = {isa = PBXBuildFile; fileRef = 9114A78129BCD035001F7190 /* Globals.swift */; };
		9114A78D29BCD035001F7190 /* LocationManager.swift in Sources */ = {isa = PBXBuildFile; fileRef = 9114A78329BCD035001F7190 /* LocationManager.swift */; };
		9114A78E29BCD035001F7190 /* HomeView.swift in Sources */ = {isa = PBXBuildFile; fileRef = 9114A78529BCD035001F7190 /* HomeView.swift */; };
		9114A79329BD0FAD001F7190 /* WeatherImageIconRequest.swift in Sources */ = {isa = PBXBuildFile; fileRef = 9114A79229BD0FAD001F7190 /* WeatherImageIconRequest.swift */; };
/* End PBXBuildFile section */

/* Begin PBXFileReference section */
		91039BE029C4BCBC0017D772 /* WeatherForecastRequest.swift */ = {isa = PBXFileReference; lastKnownFileType = sourcecode.swift; path = WeatherForecastRequest.swift; sourceTree = "<group>"; };
		91039BE229C4C0980017D772 /* WeatherForecastViewModel.swift */ = {isa = PBXFileReference; lastKnownFileType = sourcecode.swift; path = WeatherForecastViewModel.swift; sourceTree = "<group>"; };
		91039BE429C4C66A0017D772 /* ForecastView.swift */ = {isa = PBXFileReference; lastKnownFileType = sourcecode.swift; path = ForecastView.swift; sourceTree = "<group>"; };
		91039BE629C4CBFB0017D772 /* Forecast.swift */ = {isa = PBXFileReference; lastKnownFileType = sourcecode.swift; path = Forecast.swift; sourceTree = "<group>"; };
		91039BE829C4EFC00017D772 /* CityWeatherRequest.swift */ = {isa = PBXFileReference; lastKnownFileType = sourcecode.swift; path = CityWeatherRequest.swift; sourceTree = "<group>"; };
		9114A76229BCCFE7001F7190 /* weather.app */ = {isa = PBXFileReference; explicitFileType = wrapper.application; includeInIndex = 0; path = weather.app; sourceTree = BUILT_PRODUCTS_DIR; };
		9114A76529BCCFE7001F7190 /* weatherApp.swift */ = {isa = PBXFileReference; lastKnownFileType = sourcecode.swift; path = weatherApp.swift; sourceTree = "<group>"; };
		9114A76929BCCFE9001F7190 /* Assets.xcassets */ = {isa = PBXFileReference; lastKnownFileType = folder.assetcatalog; path = Assets.xcassets; sourceTree = "<group>"; };
		9114A76C29BCCFE9001F7190 /* Preview Assets.xcassets */ = {isa = PBXFileReference; lastKnownFileType = folder.assetcatalog; path = "Preview Assets.xcassets"; sourceTree = "<group>"; };
		9114A77429BCD035001F7190 /* HomeViewModel.swift */ = {isa = PBXFileReference; fileEncoding = 4; lastKnownFileType = sourcecode.swift; path = HomeViewModel.swift; sourceTree = "<group>"; };
		9114A77829BCD035001F7190 /* OpenWeatherMapAPI.swift */ = {isa = PBXFileReference; fileEncoding = 4; lastKnownFileType = sourcecode.swift; path = OpenWeatherMapAPI.swift; sourceTree = "<group>"; };
		9114A77929BCD035001F7190 /* CurrentLocationWeatherRequest.swift */ = {isa = PBXFileReference; fileEncoding = 4; lastKnownFileType = sourcecode.swift; path = CurrentLocationWeatherRequest.swift; sourceTree = "<group>"; };
		9114A77B29BCD035001F7190 /* RequestProtocol.swift */ = {isa = PBXFileReference; fileEncoding = 4; lastKnownFileType = sourcecode.swift; path = RequestProtocol.swift; sourceTree = "<group>"; };
		9114A77C29BCD035001F7190 /* API.swift */ = {isa = PBXFileReference; fileEncoding = 4; lastKnownFileType = sourcecode.swift; path = API.swift; sourceTree = "<group>"; };
		9114A77E29BCD035001F7190 /* Weather.swift */ = {isa = PBXFileReference; fileEncoding = 4; lastKnownFileType = sourcecode.swift; path = Weather.swift; sourceTree = "<group>"; };
		9114A78129BCD035001F7190 /* Globals.swift */ = {isa = PBXFileReference; fileEncoding = 4; lastKnownFileType = sourcecode.swift; path = Globals.swift; sourceTree = "<group>"; };
		9114A78329BCD035001F7190 /* LocationManager.swift */ = {isa = PBXFileReference; fileEncoding = 4; lastKnownFileType = sourcecode.swift; path = LocationManager.swift; sourceTree = "<group>"; };
		9114A78529BCD035001F7190 /* HomeView.swift */ = {isa = PBXFileReference; fileEncoding = 4; lastKnownFileType = sourcecode.swift; path = HomeView.swift; sourceTree = "<group>"; };
		9114A79229BD0FAD001F7190 /* WeatherImageIconRequest.swift */ = {isa = PBXFileReference; lastKnownFileType = sourcecode.swift; path = WeatherImageIconRequest.swift; sourceTree = "<group>"; };
/* End PBXFileReference section */

/* Begin PBXFrameworksBuildPhase section */
		9114A75F29BCCFE7001F7190 /* Frameworks */ = {
			isa = PBXFrameworksBuildPhase;
			buildActionMask = 2147483647;
			files = (
			);
			runOnlyForDeploymentPostprocessing = 0;
		};
/* End PBXFrameworksBuildPhase section */

/* Begin PBXGroup section */
		9114A75929BCCFE7001F7190 = {
			isa = PBXGroup;
			children = (
				9114A76429BCCFE7001F7190 /* weather */,
				9114A76329BCCFE7001F7190 /* Products */,
			);
			sourceTree = "<group>";
		};
		9114A76329BCCFE7001F7190 /* Products */ = {
			isa = PBXGroup;
			children = (
				9114A76229BCCFE7001F7190 /* weather.app */,
			);
			name = Products;
			sourceTree = "<group>";
		};
		9114A76429BCCFE7001F7190 /* weather */ = {
			isa = PBXGroup;
			children = (
				9114A78F29BCD087001F7190 /* App */,
				9114A77D29BCD035001F7190 /* Model */,
				9114A77529BCD035001F7190 /* Services */,
				9114A77F29BCD035001F7190 /* Utilities */,
				9114A77329BCD035001F7190 /* ViewModels */,
				9114A78429BCD035001F7190 /* Views */,
				9114A76929BCCFE9001F7190 /* Assets.xcassets */,
				9114A76B29BCCFE9001F7190 /* Preview Content */,
			);
			path = weather;
			sourceTree = "<group>";
		};
		9114A76B29BCCFE9001F7190 /* Preview Content */ = {
			isa = PBXGroup;
			children = (
				9114A76C29BCCFE9001F7190 /* Preview Assets.xcassets */,
			);
			path = "Preview Content";
			sourceTree = "<group>";
		};
		9114A77329BCD035001F7190 /* ViewModels */ = {
			isa = PBXGroup;
			children = (
				9114A77429BCD035001F7190 /* HomeViewModel.swift */,
				91039BE229C4C0980017D772 /* WeatherForecastViewModel.swift */,
			);
			name = ViewModels;
			path = weather/ViewModels;
			sourceTree = SOURCE_ROOT;
		};
		9114A77529BCD035001F7190 /* Services */ = {
			isa = PBXGroup;
			children = (
				9114A77629BCD035001F7190 /* Networking */,
			);
			name = Services;
			path = weather/Services;
			sourceTree = SOURCE_ROOT;
		};
		9114A77629BCD035001F7190 /* Networking */ = {
			isa = PBXGroup;
			children = (
				9114A77729BCD035001F7190 /* Implementations */,
				9114A77A29BCD035001F7190 /* Protocols */,
			);
			path = Networking;
			sourceTree = "<group>";
		};
		9114A77729BCD035001F7190 /* Implementations */ = {
			isa = PBXGroup;
			children = (
				9114A77829BCD035001F7190 /* OpenWeatherMapAPI.swift */,
				9114A77929BCD035001F7190 /* CurrentLocationWeatherRequest.swift */,
				9114A79229BD0FAD001F7190 /* WeatherImageIconRequest.swift */,
				91039BE029C4BCBC0017D772 /* WeatherForecastRequest.swift */,
				91039BE829C4EFC00017D772 /* CityWeatherRequest.swift */,
			);
			path = Implementations;
			sourceTree = "<group>";
		};
		9114A77A29BCD035001F7190 /* Protocols */ = {
			isa = PBXGroup;
			children = (
				9114A77B29BCD035001F7190 /* RequestProtocol.swift */,
				9114A77C29BCD035001F7190 /* API.swift */,
			);
			path = Protocols;
			sourceTree = "<group>";
		};
		9114A77D29BCD035001F7190 /* Model */ = {
			isa = PBXGroup;
			children = (
				9114A77E29BCD035001F7190 /* Weather.swift */,
				91039BE629C4CBFB0017D772 /* Forecast.swift */,
			);
			name = Model;
			path = weather/Model;
			sourceTree = SOURCE_ROOT;
		};
		9114A77F29BCD035001F7190 /* Utilities */ = {
			isa = PBXGroup;
			children = (
				9114A78029BCD035001F7190 /* Constants */,
				9114A78229BCD035001F7190 /* Mananger */,
			);
			name = Utilities;
			path = weather/Utilities;
			sourceTree = SOURCE_ROOT;
		};
		9114A78029BCD035001F7190 /* Constants */ = {
			isa = PBXGroup;
			children = (
				9114A78129BCD035001F7190 /* Globals.swift */,
			);
			path = Constants;
			sourceTree = "<group>";
		};
		9114A78229BCD035001F7190 /* Mananger */ = {
			isa = PBXGroup;
			children = (
				9114A78329BCD035001F7190 /* LocationManager.swift */,
			);
			path = Mananger;
			sourceTree = "<group>";
		};
		9114A78429BCD035001F7190 /* Views */ = {
			isa = PBXGroup;
			children = (
				9114A78529BCD035001F7190 /* HomeView.swift */,
				91039BE429C4C66A0017D772 /* ForecastView.swift */,
			);
			name = Views;
			path = weather/Views;
			sourceTree = SOURCE_ROOT;
		};
		9114A78F29BCD087001F7190 /* App */ = {
			isa = PBXGroup;
			children = (
				9114A76529BCCFE7001F7190 /* weatherApp.swift */,
			);
			path = App;
			sourceTree = "<group>";
		};
/* End PBXGroup section */

/* Begin PBXNativeTarget section */
		9114A76129BCCFE7001F7190 /* weather */ = {
			isa = PBXNativeTarget;
			buildConfigurationList = 9114A77029BCCFE9001F7190 /* Build configuration list for PBXNativeTarget "weather" */;
			buildPhases = (
				9114A75E29BCCFE7001F7190 /* Sources */,
				9114A75F29BCCFE7001F7190 /* Frameworks */,
				9114A76029BCCFE7001F7190 /* Resources */,
			);
			buildRules = (
			);
			dependencies = (
			);
			name = weather;
			productName = weather;
			productReference = 9114A76229BCCFE7001F7190 /* weather.app */;
			productType = "com.apple.product-type.application";
		};
/* End PBXNativeTarget section */

/* Begin PBXProject section */
		9114A75A29BCCFE7001F7190 /* Project object */ = {
			isa = PBXProject;
			attributes = {
				BuildIndependentTargetsInParallel = 1;
				LastSwiftUpdateCheck = 1340;
				LastUpgradeCheck = 1340;
				TargetAttributes = {
					9114A76129BCCFE7001F7190 = {
						CreatedOnToolsVersion = 13.4.1;
					};
				};
			};
			buildConfigurationList = 9114A75D29BCCFE7001F7190 /* Build configuration list for PBXProject "weather" */;
			compatibilityVersion = "Xcode 13.0";
			developmentRegion = en;
			hasScannedForEncodings = 0;
			knownRegions = (
				en,
				Base,
			);
			mainGroup = 9114A75929BCCFE7001F7190;
			productRefGroup = 9114A76329BCCFE7001F7190 /* Products */;
			projectDirPath = "";
			projectRoot = "";
			targets = (
				9114A76129BCCFE7001F7190 /* weather */,
			);
		};
/* End PBXProject section */

/* Begin PBXResourcesBuildPhase section */
		9114A76029BCCFE7001F7190 /* Resources */ = {
			isa = PBXResourcesBuildPhase;
			buildActionMask = 2147483647;
			files = (
				9114A76D29BCCFE9001F7190 /* Preview Assets.xcassets in Resources */,
				9114A76A29BCCFE9001F7190 /* Assets.xcassets in Resources */,
			);
			runOnlyForDeploymentPostprocessing = 0;
		};
/* End PBXResourcesBuildPhase section */

/* Begin PBXSourcesBuildPhase section */
		9114A75E29BCCFE7001F7190 /* Sources */ = {
			isa = PBXSourcesBuildPhase;
			buildActionMask = 2147483647;
			files = (
				91039BE729C4CBFB0017D772 /* Forecast.swift in Sources */,
				9114A78B29BCD035001F7190 /* Weather.swift in Sources */,
				9114A79329BD0FAD001F7190 /* WeatherImageIconRequest.swift in Sources */,
				9114A78729BCD035001F7190 /* OpenWeatherMapAPI.swift in Sources */,
				9114A78D29BCD035001F7190 /* LocationManager.swift in Sources */,
				91039BE929C4EFC00017D772 /* CityWeatherRequest.swift in Sources */,
				91039BE129C4BCBC0017D772 /* WeatherForecastRequest.swift in Sources */,
				9114A78629BCD035001F7190 /* HomeViewModel.swift in Sources */,
				9114A78E29BCD035001F7190 /* HomeView.swift in Sources */,
				9114A78929BCD035001F7190 /* RequestProtocol.swift in Sources */,
				9114A78829BCD035001F7190 /* CurrentLocationWeatherRequest.swift in Sources */,
				9114A76629BCCFE7001F7190 /* weatherApp.swift in Sources */,
				9114A78A29BCD035001F7190 /* API.swift in Sources */,
				91039BE529C4C66A0017D772 /* ForecastView.swift in Sources */,
				91039BE329C4C0980017D772 /* WeatherForecastViewModel.swift in Sources */,
				9114A78C29BCD035001F7190 /* Globals.swift in Sources */,
			);
			runOnlyForDeploymentPostprocessing = 0;
		};
/* End PBXSourcesBuildPhase section */

/* Begin XCBuildConfiguration section */
		9114A76E29BCCFE9001F7190 /* Debug */ = {
			isa = XCBuildConfiguration;
			buildSettings = {
				ALWAYS_SEARCH_USER_PATHS = NO;
				CLANG_ANALYZER_NONNULL = YES;
				CLANG_ANALYZER_NUMBER_OBJECT_CONVERSION = YES_AGGRESSIVE;
				CLANG_CXX_LANGUAGE_STANDARD = "gnu++17";
				CLANG_ENABLE_MODULES = YES;
				CLANG_ENABLE_OBJC_ARC = YES;
				CLANG_ENABLE_OBJC_WEAK = YES;
				CLANG_WARN_BLOCK_CAPTURE_AUTORELEASING = YES;
				CLANG_WARN_BOOL_CONVERSION = YES;
				CLANG_WARN_COMMA = YES;
				CLANG_WARN_CONSTANT_CONVERSION = YES;
				CLANG_WARN_DEPRECATED_OBJC_IMPLEMENTATIONS = YES;
				CLANG_WARN_DIRECT_OBJC_ISA_USAGE = YES_ERROR;
				CLANG_WARN_DOCUMENTATION_COMMENTS = YES;
				CLANG_WARN_EMPTY_BODY = YES;
				CLANG_WARN_ENUM_CONVERSION = YES;
				CLANG_WARN_INFINITE_RECURSION = YES;
				CLANG_WARN_INT_CONVERSION = YES;
				CLANG_WARN_NON_LITERAL_NULL_CONVERSION = YES;
				CLANG_WARN_OBJC_IMPLICIT_RETAIN_SELF = YES;
				CLANG_WARN_OBJC_LITERAL_CONVERSION = YES;
				CLANG_WARN_OBJC_ROOT_CLASS = YES_ERROR;
				CLANG_WARN_QUOTED_INCLUDE_IN_FRAMEWORK_HEADER = YES;
				CLANG_WARN_RANGE_LOOP_ANALYSIS = YES;
				CLANG_WARN_STRICT_PROTOTYPES = YES;
				CLANG_WARN_SUSPICIOUS_MOVE = YES;
				CLANG_WARN_UNGUARDED_AVAILABILITY = YES_AGGRESSIVE;
				CLANG_WARN_UNREACHABLE_CODE = YES;
				CLANG_WARN__DUPLICATE_METHOD_MATCH = YES;
				COPY_PHASE_STRIP = NO;
				DEBUG_INFORMATION_FORMAT = dwarf;
				ENABLE_STRICT_OBJC_MSGSEND = YES;
				ENABLE_TESTABILITY = YES;
				GCC_C_LANGUAGE_STANDARD = gnu11;
				GCC_DYNAMIC_NO_PIC = NO;
				GCC_NO_COMMON_BLOCKS = YES;
				GCC_OPTIMIZATION_LEVEL = 0;
				GCC_PREPROCESSOR_DEFINITIONS = (
					"DEBUG=1",
					"$(inherited)",
				);
				GCC_WARN_64_TO_32_BIT_CONVERSION = YES;
				GCC_WARN_ABOUT_RETURN_TYPE = YES_ERROR;
				GCC_WARN_UNDECLARED_SELECTOR = YES;
				GCC_WARN_UNINITIALIZED_AUTOS = YES_AGGRESSIVE;
				GCC_WARN_UNUSED_FUNCTION = YES;
				GCC_WARN_UNUSED_VARIABLE = YES;
				IPHONEOS_DEPLOYMENT_TARGET = 15.5;
				MTL_ENABLE_DEBUG_INFO = INCLUDE_SOURCE;
				MTL_FAST_MATH = YES;
				ONLY_ACTIVE_ARCH = YES;
				SDKROOT = iphoneos;
				SWIFT_ACTIVE_COMPILATION_CONDITIONS = DEBUG;
				SWIFT_OPTIMIZATION_LEVEL = "-Onone";
			};
			name = Debug;
		};
		9114A76F29BCCFE9001F7190 /* Release */ = {
			isa = XCBuildConfiguration;
			buildSettings = {
				ALWAYS_SEARCH_USER_PATHS = NO;
				CLANG_ANALYZER_NONNULL = YES;
				CLANG_ANALYZER_NUMBER_OBJECT_CONVERSION = YES_AGGRESSIVE;
				CLANG_CXX_LANGUAGE_STANDARD = "gnu++17";
				CLANG_ENABLE_MODULES = YES;
				CLANG_ENABLE_OBJC_ARC = YES;
				CLANG_ENABLE_OBJC_WEAK = YES;
				CLANG_WARN_BLOCK_CAPTURE_AUTORELEASING = YES;
				CLANG_WARN_BOOL_CONVERSION = YES;
				CLANG_WARN_COMMA = YES;
				CLANG_WARN_CONSTANT_CONVERSION = YES;
				CLANG_WARN_DEPRECATED_OBJC_IMPLEMENTATIONS = YES;
				CLANG_WARN_DIRECT_OBJC_ISA_USAGE = YES_ERROR;
				CLANG_WARN_DOCUMENTATION_COMMENTS = YES;
				CLANG_WARN_EMPTY_BODY = YES;
				CLANG_WARN_ENUM_CONVERSION = YES;
				CLANG_WARN_INFINITE_RECURSION = YES;
				CLANG_WARN_INT_CONVERSION = YES;
				CLANG_WARN_NON_LITERAL_NULL_CONVERSION = YES;
				CLANG_WARN_OBJC_IMPLICIT_RETAIN_SELF = YES;
				CLANG_WARN_OBJC_LITERAL_CONVERSION = YES;
				CLANG_WARN_OBJC_ROOT_CLASS = YES_ERROR;
				CLANG_WARN_QUOTED_INCLUDE_IN_FRAMEWORK_HEADER = YES;
				CLANG_WARN_RANGE_LOOP_ANALYSIS = YES;
				CLANG_WARN_STRICT_PROTOTYPES = YES;
				CLANG_WARN_SUSPICIOUS_MOVE = YES;
				CLANG_WARN_UNGUARDED_AVAILABILITY = YES_AGGRESSIVE;
				CLANG_WARN_UNREACHABLE_CODE = YES;
				CLANG_WARN__DUPLICATE_METHOD_MATCH = YES;
				COPY_PHASE_STRIP = NO;
				DEBUG_INFORMATION_FORMAT = "dwarf-with-dsym";
				ENABLE_NS_ASSERTIONS = NO;
				ENABLE_STRICT_OBJC_MSGSEND = YES;
				GCC_C_LANGUAGE_STANDARD = gnu11;
				GCC_NO_COMMON_BLOCKS = YES;
				GCC_WARN_64_TO_32_BIT_CONVERSION = YES;
				GCC_WARN_ABOUT_RETURN_TYPE = YES_ERROR;
				GCC_WARN_UNDECLARED_SELECTOR = YES;
				GCC_WARN_UNINITIALIZED_AUTOS = YES_AGGRESSIVE;
				GCC_WARN_UNUSED_FUNCTION = YES;
				GCC_WARN_UNUSED_VARIABLE = YES;
				IPHONEOS_DEPLOYMENT_TARGET = 15.5;
				MTL_ENABLE_DEBUG_INFO = NO;
				MTL_FAST_MATH = YES;
				SDKROOT = iphoneos;
				SWIFT_COMPILATION_MODE = wholemodule;
				SWIFT_OPTIMIZATION_LEVEL = "-O";
				VALIDATE_PRODUCT = YES;
			};
			name = Release;
		};
		9114A77129BCCFE9001F7190 /* Debug */ = {
			isa = XCBuildConfiguration;
			buildSettings = {
				ASSETCATALOG_COMPILER_APPICON_NAME = AppIcon;
				ASSETCATALOG_COMPILER_GLOBAL_ACCENT_COLOR_NAME = AccentColor;
				CODE_SIGN_STYLE = Automatic;
				CURRENT_PROJECT_VERSION = 1;
				DEVELOPMENT_ASSET_PATHS = "\"weather/Preview Content\"";
				DEVELOPMENT_TEAM = 4BN656YUMX;
				ENABLE_PREVIEWS = YES;
				GENERATE_INFOPLIST_FILE = YES;
				INFOPLIST_KEY_NSLocationAlwaysAndWhenInUseUsageDescription = access;
				INFOPLIST_KEY_NSLocationWhenInUseUsageDescription = access;
				INFOPLIST_KEY_UIApplicationSceneManifest_Generation = YES;
				INFOPLIST_KEY_UIApplicationSupportsIndirectInputEvents = YES;
				INFOPLIST_KEY_UILaunchScreen_Generation = YES;
				INFOPLIST_KEY_UISupportedInterfaceOrientations_iPad = "UIInterfaceOrientationPortrait UIInterfaceOrientationPortraitUpsideDown UIInterfaceOrientationLandscapeLeft UIInterfaceOrientationLandscapeRight";
				INFOPLIST_KEY_UISupportedInterfaceOrientations_iPhone = "UIInterfaceOrientationPortrait UIInterfaceOrientationLandscapeLeft UIInterfaceOrientationLandscapeRight";
				IPHONEOS_DEPLOYMENT_TARGET = 15.0;
				LD_RUNPATH_SEARCH_PATHS = (
					"$(inherited)",
					"@executable_path/Frameworks",
				);
				MARKETING_VERSION = 1.0;
				PRODUCT_BUNDLE_IDENTIFIER = com.tarek.weather;
				PRODUCT_NAME = "$(TARGET_NAME)";
				SWIFT_EMIT_LOC_STRINGS = YES;
				SWIFT_VERSION = 5.0;
				TARGETED_DEVICE_FAMILY = "1,2";
			};
			name = Debug;
		};
		9114A77229BCCFE9001F7190 /* Release */ = {
			isa = XCBuildConfiguration;
			buildSettings = {
				ASSETCATALOG_COMPILER_APPICON_NAME = AppIcon;
				ASSETCATALOG_COMPILER_GLOBAL_ACCENT_COLOR_NAME = AccentColor;
				CODE_SIGN_STYLE = Automatic;
				CURRENT_PROJECT_VERSION = 1;
				DEVELOPMENT_ASSET_PATHS = "\"weather/Preview Content\"";
				DEVELOPMENT_TEAM = 4BN656YUMX;
				ENABLE_PREVIEWS = YES;
				GENERATE_INFOPLIST_FILE = YES;
				INFOPLIST_KEY_NSLocationAlwaysAndWhenInUseUsageDescription = access;
				INFOPLIST_KEY_NSLocationWhenInUseUsageDescription = access;
				INFOPLIST_KEY_UIApplicationSceneManifest_Generation = YES;
				INFOPLIST_KEY_UIApplicationSupportsIndirectInputEvents = YES;
				INFOPLIST_KEY_UILaunchScreen_Generation = YES;
				INFOPLIST_KEY_UISupportedInterfaceOrientations_iPad = "UIInterfaceOrientationPortrait UIInterfaceOrientationPortraitUpsideDown UIInterfaceOrientationLandscapeLeft UIInterfaceOrientationLandscapeRight";
				INFOPLIST_KEY_UISupportedInterfaceOrientations_iPhone = "UIInterfaceOrientationPortrait UIInterfaceOrientationLandscapeLeft UIInterfaceOrientationLandscapeRight";
				IPHONEOS_DEPLOYMENT_TARGET = 15.0;
				LD_RUNPATH_SEARCH_PATHS = (
					"$(inherited)",
					"@executable_path/Frameworks",
				);
				MARKETING_VERSION = 1.0;
				PRODUCT_BUNDLE_IDENTIFIER = com.tarek.weather;
				PRODUCT_NAME = "$(TARGET_NAME)";
				SWIFT_EMIT_LOC_STRINGS = YES;
				SWIFT_VERSION = 5.0;
				TARGETED_DEVICE_FAMILY = "1,2";
			};
			name = Release;
		};
/* End XCBuildConfiguration section */

/* Begin XCConfigurationList section */
		9114A75D29BCCFE7001F7190 /* Build configuration list for PBXProject "weather" */ = {
			isa = XCConfigurationList;
			buildConfigurations = (
				9114A76E29BCCFE9001F7190 /* Debug */,
				9114A76F29BCCFE9001F7190 /* Release */,
			);
			defaultConfigurationIsVisible = 0;
			defaultConfigurationName = Release;
		};
		9114A77029BCCFE9001F7190 /* Build configuration list for PBXNativeTarget "weather" */ = {
			isa = XCConfigurationList;
			buildConfigurations = (
				9114A77129BCCFE9001F7190 /* Debug */,
				9114A77229BCCFE9001F7190 /* Release */,
			);
			defaultConfigurationIsVisible = 0;
			defaultConfigurationName = Release;
		};
/* End XCConfigurationList section */
	};
	rootObject = 9114A75A29BCCFE7001F7190 /* Project object */;
}
